
Microsoft Visual Studio Solution File, Format Version 12.00
# Visual Studio Version 17
VisualStudioVersion = 17.1.32328.378
MinimumVisualStudioVersion = 10.0.40219.1
Project("{FAE04EC0-301F-11D3-BF4B-00C04F79EFBC}") = "FlyNewShore", "FlyNewShore\FlyNewShore.csproj", "{78F4C0A9-FF8A-4403-A8E1-9AB87578CAC5}"
EndProject
Global
	GlobalSection(SolutionConfigurationPlatforms) = preSolution
		Debug|Any CPU = Debug|Any CPU
		Release|Any CPU = Release|Any CPU
	EndGlobalSection
	GlobalSection(ProjectConfigurationPlatforms) = postSolution
		{78F4C0A9-FF8A-4403-A8E1-9AB87578CAC5}.Debug|Any CPU.ActiveCfg = Debug|Any CPU
		{78F4C0A9-FF8A-4403-A8E1-9AB87578CAC5}.Debug|Any CPU.Build.0 = Debug|Any CPU
		{78F4C0A9-FF8A-4403-A8E1-9AB87578CAC5}.Release|Any CPU.ActiveCfg = Release|Any CPU
		{78F4C0A9-FF8A-4403-A8E1-9AB87578CAC5}.Release|Any CPU.Build.0 = Release|Any CPU
	EndGlobalSection
	GlobalSection(SolutionProperties) = preSolution
		HideSolutionNode = FALSE
	EndGlobalSection
	GlobalSection(ExtensibilityGlobals) = postSolution
		SolutionGuid = {A9279C50-0530-45B2-81B5-5B74388F59F7}
	EndGlobalSection
EndGlobal
